
Microsoft Visual Studio Solution File, Format Version 12.00
# Visual Studio Version 16
VisualStudioVersion = 16.0.32510.428
MinimumVisualStudioVersion = 10.0.40219.1
Project("{FAE04EC0-301F-11D3-BF4B-00C04F79EFBC}") = "LABOR-4", "LABOR-4\LABOR-4.csproj", "{E00E4C2F-EC81-4501-BE11-74C19A4DADB0}"
EndProject
Project("{FAE04EC0-301F-11D3-BF4B-00C04F79EFBC}") = "capaNegocio", "..\capaNegocio\capaNegocio.csproj", "{6FA498E0-6A68-4D04-9677-D8ECB630BBDE}"
EndProject
Project("{FAE04EC0-301F-11D3-BF4B-00C04F79EFBC}") = "capaDatos", "capaDatos\capaDatos.csproj", "{6845096B-3CA8-4F4F-A662-E9BCF46AAD7A}"
EndProject
Global
	GlobalSection(SolutionConfigurationPlatforms) = preSolution
		Debug|Any CPU = Debug|Any CPU
		Release|Any CPU = Release|Any CPU
	EndGlobalSection
	GlobalSection(ProjectConfigurationPlatforms) = postSolution
		{E00E4C2F-EC81-4501-BE11-74C19A4DADB0}.Debug|Any CPU.ActiveCfg = Debug|Any CPU
		{E00E4C2F-EC81-4501-BE11-74C19A4DADB0}.Debug|Any CPU.Build.0 = Debug|Any CPU
		{E00E4C2F-EC81-4501-BE11-74C19A4DADB0}.Release|Any CPU.ActiveCfg = Release|Any CPU
		{E00E4C2F-EC81-4501-BE11-74C19A4DADB0}.Release|Any CPU.Build.0 = Release|Any CPU
		{6FA498E0-6A68-4D04-9677-D8ECB630BBDE}.Debug|Any CPU.ActiveCfg = Debug|Any CPU
		{6FA498E0-6A68-4D04-9677-D8ECB630BBDE}.Debug|Any CPU.Build.0 = Debug|Any CPU
		{6FA498E0-6A68-4D04-9677-D8ECB630BBDE}.Release|Any CPU.ActiveCfg = Release|Any CPU
		{6FA498E0-6A68-4D04-9677-D8ECB630BBDE}.Release|Any CPU.Build.0 = Release|Any CPU
		{6845096B-3CA8-4F4F-A662-E9BCF46AAD7A}.Debug|Any CPU.ActiveCfg = Debug|Any CPU
		{6845096B-3CA8-4F4F-A662-E9BCF46AAD7A}.Debug|Any CPU.Build.0 = Debug|Any CPU
		{6845096B-3CA8-4F4F-A662-E9BCF46AAD7A}.Release|Any CPU.ActiveCfg = Release|Any CPU
		{6845096B-3CA8-4F4F-A662-E9BCF46AAD7A}.Release|Any CPU.Build.0 = Release|Any CPU
	EndGlobalSection
	GlobalSection(SolutionProperties) = preSolution
		HideSolutionNode = FALSE
	EndGlobalSection
	GlobalSection(ExtensibilityGlobals) = postSolution
		SolutionGuid = {9EEDAD96-D032-42AB-A18B-294E9166B5C7}
	EndGlobalSection
EndGlobal
